// !$*UTF8*$!
{
	archiveVersion = 1;
	classes = {
	};
	objectVersion = 46;
	objects = {

/* Begin PBXBuildFile section */
		667C08641A1753CB00BC6BCD /* AppDelegate.swift in Sources */ = {isa = PBXBuildFile; fileRef = 667C08631A1753CB00BC6BCD /* AppDelegate.swift */; };
		667C08671A1753CB00BC6BCD /* Rote.xcdatamodeld in Sources */ = {isa = PBXBuildFile; fileRef = 667C08651A1753CB00BC6BCD /* Rote.xcdatamodeld */; };
		667C08691A1753CB00BC6BCD /* ViewController.swift in Sources */ = {isa = PBXBuildFile; fileRef = 667C08681A1753CB00BC6BCD /* ViewController.swift */; };
		667C086C1A1753CB00BC6BCD /* Main.storyboard in Resources */ = {isa = PBXBuildFile; fileRef = 667C086A1A1753CB00BC6BCD /* Main.storyboard */; };
		667C086E1A1753CB00BC6BCD /* Images.xcassets in Resources */ = {isa = PBXBuildFile; fileRef = 667C086D1A1753CB00BC6BCD /* Images.xcassets */; };
		667C08711A1753CB00BC6BCD /* LaunchScreen.xib in Resources */ = {isa = PBXBuildFile; fileRef = 667C086F1A1753CB00BC6BCD /* LaunchScreen.xib */; };
		667C087D1A1753CB00BC6BCD /* RoteTests.swift in Sources */ = {isa = PBXBuildFile; fileRef = 667C087C1A1753CB00BC6BCD /* RoteTests.swift */; };
/* End PBXBuildFile section */

/* Begin PBXContainerItemProxy section */
		667C08771A1753CB00BC6BCD /* PBXContainerItemProxy */ = {
			isa = PBXContainerItemProxy;
			containerPortal = 667C08561A1753CB00BC6BCD /* Project object */;
			proxyType = 1;
			remoteGlobalIDString = 667C085D1A1753CB00BC6BCD;
			remoteInfo = Rote;
		};
/* End PBXContainerItemProxy section */

/* Begin PBXFileReference section */
		667C085E1A1753CB00BC6BCD /* Rote.app */ = {isa = PBXFileReference; explicitFileType = wrapper.application; includeInIndex = 0; path = Rote.app; sourceTree = BUILT_PRODUCTS_DIR; };
		667C08621A1753CB00BC6BCD /* Info.plist */ = {isa = PBXFileReference; lastKnownFileType = text.plist.xml; path = Info.plist; sourceTree = "<group>"; };
		667C08631A1753CB00BC6BCD /* AppDelegate.swift */ = {isa = PBXFileReference; lastKnownFileType = sourcecode.swift; path = AppDelegate.swift; sourceTree = "<group>"; };
		667C08661A1753CB00BC6BCD /* Rote.xcdatamodel */ = {isa = PBXFileReference; lastKnownFileType = wrapper.xcdatamodel; path = Rote.xcdatamodel; sourceTree = "<group>"; };
		667C08681A1753CB00BC6BCD /* ViewController.swift */ = {isa = PBXFileReference; lastKnownFileType = sourcecode.swift; path = ViewController.swift; sourceTree = "<group>"; };
		667C086B1A1753CB00BC6BCD /* Base */ = {isa = PBXFileReference; lastKnownFileType = file.storyboard; name = Base; path = Base.lproj/Main.storyboard; sourceTree = "<group>"; };
		667C086D1A1753CB00BC6BCD /* Images.xcassets */ = {isa = PBXFileReference; lastKnownFileType = folder.assetcatalog; path = Images.xcassets; sourceTree = "<group>"; };
		667C08701A1753CB00BC6BCD /* Base */ = {isa = PBXFileReference; lastKnownFileType = file.xib; name = Base; path = Base.lproj/LaunchScreen.xib; sourceTree = "<group>"; };
		667C08761A1753CB00BC6BCD /* RoteTests.xctest */ = {isa = PBXFileReference; explicitFileType = wrapper.cfbundle; includeInIndex = 0; path = RoteTests.xctest; sourceTree = BUILT_PRODUCTS_DIR; };
		667C087B1A1753CB00BC6BCD /* Info.plist */ = {isa = PBXFileReference; lastKnownFileType = text.plist.xml; path = Info.plist; sourceTree = "<group>"; };
		667C087C1A1753CB00BC6BCD /* RoteTests.swift */ = {isa = PBXFileReference; lastKnownFileType = sourcecode.swift; path = RoteTests.swift; sourceTree = "<group>"; };
/* End PBXFileReference section */

/* Begin PBXFrameworksBuildPhase section */
		667C085B1A1753CB00BC6BCD /* Frameworks */ = {
			isa = PBXFrameworksBuildPhase;
			buildActionMask = 2147483647;
			files = (
			);
			runOnlyForDeploymentPostprocessing = 0;
		};
		667C08731A1753CB00BC6BCD /* Frameworks */ = {
			isa = PBXFrameworksBuildPhase;
			buildActionMask = 2147483647;
			files = (
			);
			runOnlyForDeploymentPostprocessing = 0;
		};
/* End PBXFrameworksBuildPhase section */

/* Begin PBXGroup section */
		667C08551A1753CB00BC6BCD = {
			isa = PBXGroup;
			children = (
				667C08601A1753CB00BC6BCD /* Rote */,
				667C08791A1753CB00BC6BCD /* RoteTests */,
				667C085F1A1753CB00BC6BCD /* Products */,
			);
			sourceTree = "<group>";
		};
		667C085F1A1753CB00BC6BCD /* Products */ = {
			isa = PBXGroup;
			children = (
				667C085E1A1753CB00BC6BCD /* Rote.app */,
				667C08761A1753CB00BC6BCD /* RoteTests.xctest */,
			);
			name = Products;
			sourceTree = "<group>";
		};
		667C08601A1753CB00BC6BCD /* Rote */ = {
			isa = PBXGroup;
			children = (
				667C08631A1753CB00BC6BCD /* AppDelegate.swift */,
				667C08681A1753CB00BC6BCD /* ViewController.swift */,
				667C086A1A1753CB00BC6BCD /* Main.storyboard */,
				667C086D1A1753CB00BC6BCD /* Images.xcassets */,
				667C086F1A1753CB00BC6BCD /* LaunchScreen.xib */,
				667C08651A1753CB00BC6BCD /* Rote.xcdatamodeld */,
				667C08611A1753CB00BC6BCD /* Supporting Files */,
			);
			path = Rote;
			sourceTree = "<group>";
		};
		667C08611A1753CB00BC6BCD /* Supporting Files */ = {
			isa = PBXGroup;
			children = (
				667C08621A1753CB00BC6BCD /* Info.plist */,
			);
			name = "Supporting Files";
			sourceTree = "<group>";
		};
		667C08791A1753CB00BC6BCD /* RoteTests */ = {
			isa = PBXGroup;
			children = (
				667C087C1A1753CB00BC6BCD /* RoteTests.swift */,
				667C087A1A1753CB00BC6BCD /* Supporting Files */,
			);
			path = RoteTests;
			sourceTree = "<group>";
		};
		667C087A1A1753CB00BC6BCD /* Supporting Files */ = {
			isa = PBXGroup;
			children = (
				667C087B1A1753CB00BC6BCD /* Info.plist */,
			);
			name = "Supporting Files";
			sourceTree = "<group>";
		};
/* End PBXGroup section */

/* Begin PBXNativeTarget section */
		667C085D1A1753CB00BC6BCD /* Rote */ = {
			isa = PBXNativeTarget;
			buildConfigurationList = 667C08801A1753CB00BC6BCD /* Build configuration list for PBXNativeTarget "Rote" */;
			buildPhases = (
				667C085A1A1753CB00BC6BCD /* Sources */,
				667C085B1A1753CB00BC6BCD /* Frameworks */,
				667C085C1A1753CB00BC6BCD /* Resources */,
			);
			buildRules = (
			);
			dependencies = (
			);
			name = Rote;
			productName = Rote;
			productReference = 667C085E1A1753CB00BC6BCD /* Rote.app */;
			productType = "com.apple.product-type.application";
		};
		667C08751A1753CB00BC6BCD /* RoteTests */ = {
			isa = PBXNativeTarget;
			buildConfigurationList = 667C08831A1753CB00BC6BCD /* Build configuration list for PBXNativeTarget "RoteTests" */;
			buildPhases = (
				667C08721A1753CB00BC6BCD /* Sources */,
				667C08731A1753CB00BC6BCD /* Frameworks */,
				667C08741A1753CB00BC6BCD /* Resources */,
			);
			buildRules = (
			);
			dependencies = (
				667C08781A1753CB00BC6BCD /* PBXTargetDependency */,
			);
			name = RoteTests;
			productName = RoteTests;
			productReference = 667C08761A1753CB00BC6BCD /* RoteTests.xctest */;
			productType = "com.apple.product-type.bundle.unit-test";
		};
/* End PBXNativeTarget section */

/* Begin PBXProject section */
		667C08561A1753CB00BC6BCD /* Project object */ = {
			isa = PBXProject;
			attributes = {
				LastUpgradeCheck = 0600;
				ORGANIZATIONNAME = "Rote Inc.";
				TargetAttributes = {
					667C085D1A1753CB00BC6BCD = {
						CreatedOnToolsVersion = 6.0;
					};
					667C08751A1753CB00BC6BCD = {
						CreatedOnToolsVersion = 6.0;
						TestTargetID = 667C085D1A1753CB00BC6BCD;
					};
				};
			};
			buildConfigurationList = 667C08591A1753CB00BC6BCD /* Build configuration list for PBXProject "Rote" */;
			compatibilityVersion = "Xcode 3.2";
			developmentRegion = English;
			hasScannedForEncodings = 0;
			knownRegions = (
				en,
				Base,
			);
			mainGroup = 667C08551A1753CB00BC6BCD;
			productRefGroup = 667C085F1A1753CB00BC6BCD /* Products */;
			projectDirPath = "";
			projectRoot = "";
			targets = (
				667C085D1A1753CB00BC6BCD /* Rote */,
				667C08751A1753CB00BC6BCD /* RoteTests */,
			);
		};
/* End PBXProject section */

/* Begin PBXResourcesBuildPhase section */
		667C085C1A1753CB00BC6BCD /* Resources */ = {
			isa = PBXResourcesBuildPhase;
			buildActionMask = 2147483647;
			files = (
				667C086C1A1753CB00BC6BCD /* Main.storyboard in Resources */,
				667C08711A1753CB00BC6BCD /* LaunchScreen.xib in Resources */,
				667C086E1A1753CB00BC6BCD /* Images.xcassets in Resources */,
			);
			runOnlyForDeploymentPostprocessing = 0;
		};
		667C08741A1753CB00BC6BCD /* Resources */ = {
			isa = PBXResourcesBuildPhase;
			buildActionMask = 2147483647;
			files = (
			);
			runOnlyForDeploymentPostprocessing = 0;
		};
/* End PBXResourcesBuildPhase section */

/* Begin PBXSourcesBuildPhase section */
		667C085A1A1753CB00BC6BCD /* Sources */ = {
			isa = PBXSourcesBuildPhase;
			buildActionMask = 2147483647;
			files = (
				667C08691A1753CB00BC6BCD /* ViewController.swift in Sources */,
				667C08641A1753CB00BC6BCD /* AppDelegate.swift in Sources */,
				667C08671A1753CB00BC6BCD /* Rote.xcdatamodeld in Sources */,
			);
			runOnlyForDeploymentPostprocessing = 0;
		};
		667C08721A1753CB00BC6BCD /* Sources */ = {
			isa = PBXSourcesBuildPhase;
			buildActionMask = 2147483647;
			files = (
				667C087D1A1753CB00BC6BCD /* RoteTests.swift in Sources */,
			);
			runOnlyForDeploymentPostprocessing = 0;
		};
/* End PBXSourcesBuildPhase section */

/* Begin PBXTargetDependency section */
		667C08781A1753CB00BC6BCD /* PBXTargetDependency */ = {
			isa = PBXTargetDependency;
			target = 667C085D1A1753CB00BC6BCD /* Rote */;
			targetProxy = 667C08771A1753CB00BC6BCD /* PBXContainerItemProxy */;
		};
/* End PBXTargetDependency section */

/* Begin PBXVariantGroup section */
		667C086A1A1753CB00BC6BCD /* Main.storyboard */ = {
			isa = PBXVariantGroup;
			children = (
				667C086B1A1753CB00BC6BCD /* Base */,
			);
			name = Main.storyboard;
			sourceTree = "<group>";
		};
		667C086F1A1753CB00BC6BCD /* LaunchScreen.xib */ = {
			isa = PBXVariantGroup;
			children = (
				667C08701A1753CB00BC6BCD /* Base */,
			);
			name = LaunchScreen.xib;
			sourceTree = "<group>";
		};
/* End PBXVariantGroup section */

/* Begin XCBuildConfiguration section */
		667C087E1A1753CB00BC6BCD /* Debug */ = {
			isa = XCBuildConfiguration;
			buildSettings = {
				ALWAYS_SEARCH_USER_PATHS = NO;
				CLANG_CXX_LANGUAGE_STANDARD = "gnu++0x";
				CLANG_CXX_LIBRARY = "libc++";
				CLANG_ENABLE_MODULES = YES;
				CLANG_ENABLE_OBJC_ARC = YES;
				CLANG_WARN_BOOL_CONVERSION = YES;
				CLANG_WARN_CONSTANT_CONVERSION = YES;
				CLANG_WARN_DIRECT_OBJC_ISA_USAGE = YES_ERROR;
				CLANG_WARN_EMPTY_BODY = YES;
				CLANG_WARN_ENUM_CONVERSION = YES;
				CLANG_WARN_INT_CONVERSION = YES;
				CLANG_WARN_OBJC_ROOT_CLASS = YES_ERROR;
				CLANG_WARN_UNREACHABLE_CODE = YES;
				CLANG_WARN__DUPLICATE_METHOD_MATCH = YES;
				"CODE_SIGN_IDENTITY[sdk=iphoneos*]" = "iPhone Developer";
				COPY_PHASE_STRIP = NO;
				ENABLE_STRICT_OBJC_MSGSEND = YES;
				GCC_C_LANGUAGE_STANDARD = gnu99;
				GCC_DYNAMIC_NO_PIC = NO;
				GCC_OPTIMIZATION_LEVEL = 0;
				GCC_PREPROCESSOR_DEFINITIONS = (
					"DEBUG=1",
					"$(inherited)",
				);
				GCC_SYMBOLS_PRIVATE_EXTERN = NO;
				GCC_WARN_64_TO_32_BIT_CONVERSION = YES;
				GCC_WARN_ABOUT_RETURN_TYPE = YES_ERROR;
				GCC_WARN_UNDECLARED_SELECTOR = YES;
				GCC_WARN_UNINITIALIZED_AUTOS = YES_AGGRESSIVE;
				GCC_WARN_UNUSED_FUNCTION = YES;
				GCC_WARN_UNUSED_VARIABLE = YES;
				IPHONEOS_DEPLOYMENT_TARGET = 8.0;
				MTL_ENABLE_DEBUG_INFO = YES;
				ONLY_ACTIVE_ARCH = YES;
				SDKROOT = iphoneos;
				SWIFT_OPTIMIZATION_LEVEL = "-Onone";
			};
			name = Debug;
		};
		667C087F1A1753CB00BC6BCD /* Release */ = {
			isa = XCBuildConfiguration;
			buildSettings = {
				ALWAYS_SEARCH_USER_PATHS = NO;
				CLANG_CXX_LANGUAGE_STANDARD = "gnu++0x";
				CLANG_CXX_LIBRARY = "libc++";
				CLANG_ENABLE_MODULES = YES;
				CLANG_ENABLE_OBJC_ARC = YES;
				CLANG_WARN_BOOL_CONVERSION = YES;
				CLANG_WARN_CONSTANT_CONVERSION = YES;
				CLANG_WARN_DIRECT_OBJC_ISA_USAGE = YES_ERROR;
				CLANG_WARN_EMPTY_BODY = YES;
				CLANG_WARN_ENUM_CONVERSION = YES;
				CLANG_WARN_INT_CONVERSION = YES;
				CLANG_WARN_OBJC_ROOT_CLASS = YES_ERROR;
				CLANG_WARN_UNREACHABLE_CODE = YES;
				CLANG_WARN__DUPLICATE_METHOD_MATCH = YES;
				"CODE_SIGN_IDENTITY[sdk=iphoneos*]" = "iPhone Developer";
				COPY_PHASE_STRIP = YES;
				ENABLE_NS_ASSERTIONS = NO;
				ENABLE_STRICT_OBJC_MSGSEND = YES;
				GCC_C_LANGUAGE_STANDARD = gnu99;
				GCC_WARN_64_TO_32_BIT_CONVERSION = YES;
				GCC_WARN_ABOUT_RETURN_TYPE = YES_ERROR;
				GCC_WARN_UNDECLARED_SELECTOR = YES;
				GCC_WARN_UNINITIALIZED_AUTOS = YES_AGGRESSIVE;
				GCC_WARN_UNUSED_FUNCTION = YES;
				GCC_WARN_UNUSED_VARIABLE = YES;
				IPHONEOS_DEPLOYMENT_TARGET = 8.0;
				MTL_ENABLE_DEBUG_INFO = NO;
				SDKROOT = iphoneos;
				VALIDATE_PRODUCT = YES;
			};
			name = Release;
		};
		667C08811A1753CB00BC6BCD /* Debug */ = {
			isa = XCBuildConfiguration;
			buildSettings = {
				ASSETCATALOG_COMPILER_APPICON_NAME = AppIcon;
				INFOPLIST_FILE = Rote/Info.plist;
				LD_RUNPATH_SEARCH_PATHS = "$(inherited) @executable_path/Frameworks";
				PRODUCT_NAME = "$(TARGET_NAME)";
			};
			name = Debug;
		};
		667C08821A1753CB00BC6BCD /* Release */ = {
			isa = XCBuildConfiguration;
			buildSettings = {
				ASSETCATALOG_COMPILER_APPICON_NAME = AppIcon;
				INFOPLIST_FILE = Rote/Info.plist;
				LD_RUNPATH_SEARCH_PATHS = "$(inherited) @executable_path/Frameworks";
				PRODUCT_NAME = "$(TARGET_NAME)";
			};
			name = Release;
		};
		667C08841A1753CB00BC6BCD /* Debug */ = {
			isa = XCBuildConfiguration;
			buildSettings = {
				BUNDLE_LOADER = "$(TEST_HOST)";
				FRAMEWORK_SEARCH_PATHS = (
					"$(SDKROOT)/Developer/Library/Frameworks",
					"$(inherited)",
				);
				GCC_PREPROCESSOR_DEFINITIONS = (
					"DEBUG=1",
					"$(inherited)",
				);
				INFOPLIST_FILE = RoteTests/Info.plist;
				LD_RUNPATH_SEARCH_PATHS = "$(inherited) @executable_path/Frameworks @loader_path/Frameworks";
				PRODUCT_NAME = "$(TARGET_NAME)";
				TEST_HOST = "$(BUILT_PRODUCTS_DIR)/Rote.app/Rote";
			};
			name = Debug;
		};
		667C08851A1753CB00BC6BCD /* Release */ = {
			isa = XCBuildConfiguration;
			buildSettings = {
				BUNDLE_LOADER = "$(TEST_HOST)";
				FRAMEWORK_SEARCH_PATHS = (
					"$(SDKROOT)/Developer/Library/Frameworks",
					"$(inherited)",
				);
				INFOPLIST_FILE = RoteTests/Info.plist;
				LD_RUNPATH_SEARCH_PATHS = "$(inherited) @executable_path/Frameworks @loader_path/Frameworks";
				PRODUCT_NAME = "$(TARGET_NAME)";
				TEST_HOST = "$(BUILT_PRODUCTS_DIR)/Rote.app/Rote";
			};
			name = Release;
		};
/* End XCBuildConfiguration section */

/* Begin XCConfigurationList section */
		667C08591A1753CB00BC6BCD /* Build configuration list for PBXProject "Rote" */ = {
			isa = XCConfigurationList;
			buildConfigurations = (
				667C087E1A1753CB00BC6BCD /* Debug */,
				667C087F1A1753CB00BC6BCD /* Release */,
			);
			defaultConfigurationIsVisible = 0;
			defaultConfigurationName = Release;
		};
		667C08801A1753CB00BC6BCD /* Build configuration list for PBXNativeTarget "Rote" */ = {
			isa = XCConfigurationList;
			buildConfigurations = (
				667C08811A1753CB00BC6BCD /* Debug */,
				667C08821A1753CB00BC6BCD /* Release */,
			);
			defaultConfigurationIsVisible = 0;
		};
		667C08831A1753CB00BC6BCD /* Build configuration list for PBXNativeTarget "RoteTests" */ = {
			isa = XCConfigurationList;
			buildConfigurations = (
				667C08841A1753CB00BC6BCD /* Debug */,
				667C08851A1753CB00BC6BCD /* Release */,
			);
			defaultConfigurationIsVisible = 0;
		};
/* End XCConfigurationList section */

/* Begin XCVersionGroup section */
		667C08651A1753CB00BC6BCD /* Rote.xcdatamodeld */ = {
			isa = XCVersionGroup;
			children = (
				667C08661A1753CB00BC6BCD /* Rote.xcdatamodel */,
			);
			currentVersion = 667C08661A1753CB00BC6BCD /* Rote.xcdatamodel */;
			path = Rote.xcdatamodeld;
			sourceTree = "<group>";
			versionGroupType = wrapper.xcdatamodel;
		};
/* End XCVersionGroup section */
	};
	rootObject = 667C08561A1753CB00BC6BCD /* Project object */;
}
